
Microsoft Visual Studio Solution File, Format Version 12.00
# Visual Studio Version 17
VisualStudioVersion = 17.9.34723.18
MinimumVisualStudioVersion = 10.0.40219.1
Project("{FAE04EC0-301F-11D3-BF4B-00C04F79EFBC}") = "nomnom.api", "nomnom.api\nomnom.api.csproj", "{6CA44EF5-AA3E-47A2-967A-88E3C24DB0DB}"
EndProject
Project("{FAE04EC0-301F-11D3-BF4B-00C04F79EFBC}") = "nomon.app", "nomon.app\nomon.app.csproj", "{089BD985-3958-45CB-BAB8-CCC801CC2D1E}"
EndProject
Global
	GlobalSection(SolutionConfigurationPlatforms) = preSolution
		Debug|Any CPU = Debug|Any CPU
		Release|Any CPU = Release|Any CPU
	EndGlobalSection
	GlobalSection(ProjectConfigurationPlatforms) = postSolution
		{6CA44EF5-AA3E-47A2-967A-88E3C24DB0DB}.Debug|Any CPU.ActiveCfg = Debug|Any CPU
		{6CA44EF5-AA3E-47A2-967A-88E3C24DB0DB}.Debug|Any CPU.Build.0 = Debug|Any CPU
		{6CA44EF5-AA3E-47A2-967A-88E3C24DB0DB}.Release|Any CPU.ActiveCfg = Release|Any CPU
		{6CA44EF5-AA3E-47A2-967A-88E3C24DB0DB}.Release|Any CPU.Build.0 = Release|Any CPU
		{089BD985-3958-45CB-BAB8-CCC801CC2D1E}.Debug|Any CPU.ActiveCfg = Debug|Any CPU
		{089BD985-3958-45CB-BAB8-CCC801CC2D1E}.Debug|Any CPU.Build.0 = Debug|Any CPU
		{089BD985-3958-45CB-BAB8-CCC801CC2D1E}.Release|Any CPU.ActiveCfg = Release|Any CPU
		{089BD985-3958-45CB-BAB8-CCC801CC2D1E}.Release|Any CPU.Build.0 = Release|Any CPU
	EndGlobalSection
	GlobalSection(SolutionProperties) = preSolution
		HideSolutionNode = FALSE
	EndGlobalSection
	GlobalSection(ExtensibilityGlobals) = postSolution
		SolutionGuid = {6A479225-0886-44A1-83AA-6B28F3C8A759}
	EndGlobalSection
EndGlobal
